
Microsoft Visual Studio Solution File, Format Version 11.00
# Visual Studio 2010
Project("{FAE04EC0-301F-11D3-BF4B-00C04F79EFBC}") = "LogViewer", "src\LogViewer\LogViewer.csproj", "{CD166BBE-43F7-4D5E-B038-5D6C3AA06240}"
EndProject
Project("{FAE04EC0-301F-11D3-BF4B-00C04F79EFBC}") = "LogViewerTests", "src\LogViewerTests\LogViewerTests.csproj", "{EC5855BD-D336-4BAF-BBCC-911279296BC4}"
EndProject
Global
	GlobalSection(SolutionConfigurationPlatforms) = preSolution
		Debug|Any CPU = Debug|Any CPU
		Debug|Mixed Platforms = Debug|Mixed Platforms
		Debug|x86 = Debug|x86
		Release|Any CPU = Release|Any CPU
		Release|Mixed Platforms = Release|Mixed Platforms
		Release|x86 = Release|x86
	EndGlobalSection
	GlobalSection(ProjectConfigurationPlatforms) = postSolution
		{CD166BBE-43F7-4D5E-B038-5D6C3AA06240}.Debug|Any CPU.ActiveCfg = Debug|x86
		{CD166BBE-43F7-4D5E-B038-5D6C3AA06240}.Debug|Mixed Platforms.ActiveCfg = Debug|x86
		{CD166BBE-43F7-4D5E-B038-5D6C3AA06240}.Debug|Mixed Platforms.Build.0 = Debug|x86
		{CD166BBE-43F7-4D5E-B038-5D6C3AA06240}.Debug|x86.ActiveCfg = Debug|x86
		{CD166BBE-43F7-4D5E-B038-5D6C3AA06240}.Debug|x86.Build.0 = Debug|x86
		{CD166BBE-43F7-4D5E-B038-5D6C3AA06240}.Release|Any CPU.ActiveCfg = Release|x86
		{CD166BBE-43F7-4D5E-B038-5D6C3AA06240}.Release|Mixed Platforms.ActiveCfg = Release|x86
		{CD166BBE-43F7-4D5E-B038-5D6C3AA06240}.Release|Mixed Platforms.Build.0 = Release|x86
		{CD166BBE-43F7-4D5E-B038-5D6C3AA06240}.Release|x86.ActiveCfg = Release|x86
		{CD166BBE-43F7-4D5E-B038-5D6C3AA06240}.Release|x86.Build.0 = Release|x86
		{EC5855BD-D336-4BAF-BBCC-911279296BC4}.Debug|Any CPU.ActiveCfg = Debug|Any CPU
		{EC5855BD-D336-4BAF-BBCC-911279296BC4}.Debug|Any CPU.Build.0 = Debug|Any CPU
		{EC5855BD-D336-4BAF-BBCC-911279296BC4}.Debug|Mixed Platforms.ActiveCfg = Debug|Any CPU
		{EC5855BD-D336-4BAF-BBCC-911279296BC4}.Debug|Mixed Platforms.Build.0 = Debug|Any CPU
		{EC5855BD-D336-4BAF-BBCC-911279296BC4}.Debug|x86.ActiveCfg = Debug|Any CPU
		{EC5855BD-D336-4BAF-BBCC-911279296BC4}.Release|Any CPU.ActiveCfg = Release|Any CPU
		{EC5855BD-D336-4BAF-BBCC-911279296BC4}.Release|Any CPU.Build.0 = Release|Any CPU
		{EC5855BD-D336-4BAF-BBCC-911279296BC4}.Release|Mixed Platforms.ActiveCfg = Release|Any CPU
		{EC5855BD-D336-4BAF-BBCC-911279296BC4}.Release|Mixed Platforms.Build.0 = Release|Any CPU
		{EC5855BD-D336-4BAF-BBCC-911279296BC4}.Release|x86.ActiveCfg = Release|Any CPU
	EndGlobalSection
	GlobalSection(SolutionProperties) = preSolution
		HideSolutionNode = FALSE
	EndGlobalSection
EndGlobal
